// !$*UTF8*$!
{
	archiveVersion = 1;
	classes = {
	};
	objectVersion = 50;
	objects = {

/* Begin PBXBuildFile section */
		7BB369AB22AC55B5008C5C38 /* AppDelegate.swift in Sources */ = {isa = PBXBuildFile; fileRef = 7BB369AA22AC55B5008C5C38 /* AppDelegate.swift */; };
		7BB369AD22AC55B5008C5C38 /* SceneDelegate.swift in Sources */ = {isa = PBXBuildFile; fileRef = 7BB369AC22AC55B5008C5C38 /* SceneDelegate.swift */; };
		7BB369AF22AC55B5008C5C38 /* ContentView.swift in Sources */ = {isa = PBXBuildFile; fileRef = 7BB369AE22AC55B5008C5C38 /* ContentView.swift */; };
		7BB369B122AC55B7008C5C38 /* Assets.xcassets in Resources */ = {isa = PBXBuildFile; fileRef = 7BB369B022AC55B7008C5C38 /* Assets.xcassets */; };
		7BB369B422AC55B7008C5C38 /* Preview Assets.xcassets in Resources */ = {isa = PBXBuildFile; fileRef = 7BB369B322AC55B7008C5C38 /* Preview Assets.xcassets */; };
		7BB369B722AC55B7008C5C38 /* LaunchScreen.storyboard in Resources */ = {isa = PBXBuildFile; fileRef = 7BB369B522AC55B7008C5C38 /* LaunchScreen.storyboard */; };
		7BB369C222AC55B7008C5C38 /* NeonTests.swift in Sources */ = {isa = PBXBuildFile; fileRef = 7BB369C122AC55B7008C5C38 /* NeonTests.swift */; };
		7BB369CD22AC55B7008C5C38 /* NeonUITests.swift in Sources */ = {isa = PBXBuildFile; fileRef = 7BB369CC22AC55B7008C5C38 /* NeonUITests.swift */; };
		7BDAD20F22AC8266000B2592 /* ParsedText.swift in Sources */ = {isa = PBXBuildFile; fileRef = 7BDAD20E22AC8266000B2592 /* ParsedText.swift */; };
		7BDAD21122ACBF8E000B2592 /* ParsedTextTest.swift in Sources */ = {isa = PBXBuildFile; fileRef = 7BDAD21022ACBF8E000B2592 /* ParsedTextTest.swift */; };
/* End PBXBuildFile section */

/* Begin PBXContainerItemProxy section */
		7BB369BE22AC55B7008C5C38 /* PBXContainerItemProxy */ = {
			isa = PBXContainerItemProxy;
			containerPortal = 7BB3699F22AC55B5008C5C38 /* Project object */;
			proxyType = 1;
			remoteGlobalIDString = 7BB369A622AC55B5008C5C38;
			remoteInfo = Neon;
		};
		7BB369C922AC55B7008C5C38 /* PBXContainerItemProxy */ = {
			isa = PBXContainerItemProxy;
			containerPortal = 7BB3699F22AC55B5008C5C38 /* Project object */;
			proxyType = 1;
			remoteGlobalIDString = 7BB369A622AC55B5008C5C38;
			remoteInfo = Neon;
		};
/* End PBXContainerItemProxy section */

/* Begin PBXFileReference section */
		7BB369A722AC55B5008C5C38 /* Neon.app */ = {isa = PBXFileReference; explicitFileType = wrapper.application; includeInIndex = 0; path = Neon.app; sourceTree = BUILT_PRODUCTS_DIR; };
		7BB369AA22AC55B5008C5C38 /* AppDelegate.swift */ = {isa = PBXFileReference; lastKnownFileType = sourcecode.swift; path = AppDelegate.swift; sourceTree = "<group>"; };
		7BB369AC22AC55B5008C5C38 /* SceneDelegate.swift */ = {isa = PBXFileReference; lastKnownFileType = sourcecode.swift; path = SceneDelegate.swift; sourceTree = "<group>"; };
		7BB369AE22AC55B5008C5C38 /* ContentView.swift */ = {isa = PBXFileReference; lastKnownFileType = sourcecode.swift; path = ContentView.swift; sourceTree = "<group>"; };
		7BB369B022AC55B7008C5C38 /* Assets.xcassets */ = {isa = PBXFileReference; lastKnownFileType = folder.assetcatalog; path = Assets.xcassets; sourceTree = "<group>"; };
		7BB369B322AC55B7008C5C38 /* Preview Assets.xcassets */ = {isa = PBXFileReference; lastKnownFileType = folder.assetcatalog; path = "Preview Assets.xcassets"; sourceTree = "<group>"; };
		7BB369B622AC55B7008C5C38 /* Base */ = {isa = PBXFileReference; lastKnownFileType = file.storyboard; name = Base; path = Base.lproj/LaunchScreen.storyboard; sourceTree = "<group>"; };
		7BB369B822AC55B7008C5C38 /* Info.plist */ = {isa = PBXFileReference; lastKnownFileType = text.plist.xml; path = Info.plist; sourceTree = "<group>"; };
		7BB369BD22AC55B7008C5C38 /* NeonTests.xctest */ = {isa = PBXFileReference; explicitFileType = wrapper.cfbundle; includeInIndex = 0; path = NeonTests.xctest; sourceTree = BUILT_PRODUCTS_DIR; };
		7BB369C122AC55B7008C5C38 /* NeonTests.swift */ = {isa = PBXFileReference; lastKnownFileType = sourcecode.swift; path = NeonTests.swift; sourceTree = "<group>"; };
		7BB369C322AC55B7008C5C38 /* Info.plist */ = {isa = PBXFileReference; lastKnownFileType = text.plist.xml; path = Info.plist; sourceTree = "<group>"; };
		7BB369C822AC55B7008C5C38 /* NeonUITests.xctest */ = {isa = PBXFileReference; explicitFileType = wrapper.cfbundle; includeInIndex = 0; path = NeonUITests.xctest; sourceTree = BUILT_PRODUCTS_DIR; };
		7BB369CC22AC55B7008C5C38 /* NeonUITests.swift */ = {isa = PBXFileReference; lastKnownFileType = sourcecode.swift; path = NeonUITests.swift; sourceTree = "<group>"; };
		7BB369CE22AC55B7008C5C38 /* Info.plist */ = {isa = PBXFileReference; lastKnownFileType = text.plist.xml; path = Info.plist; sourceTree = "<group>"; };
		7BDAD20E22AC8266000B2592 /* ParsedText.swift */ = {isa = PBXFileReference; lastKnownFileType = sourcecode.swift; path = ParsedText.swift; sourceTree = "<group>"; };
		7BDAD21022ACBF8E000B2592 /* ParsedTextTest.swift */ = {isa = PBXFileReference; lastKnownFileType = sourcecode.swift; path = ParsedTextTest.swift; sourceTree = "<group>"; };
/* End PBXFileReference section */

/* Begin PBXFrameworksBuildPhase section */
		7BB369A422AC55B5008C5C38 /* Frameworks */ = {
			isa = PBXFrameworksBuildPhase;
			buildActionMask = 2147483647;
			files = (
			);
			runOnlyForDeploymentPostprocessing = 0;
		};
		7BB369BA22AC55B7008C5C38 /* Frameworks */ = {
			isa = PBXFrameworksBuildPhase;
			buildActionMask = 2147483647;
			files = (
			);
			runOnlyForDeploymentPostprocessing = 0;
		};
		7BB369C522AC55B7008C5C38 /* Frameworks */ = {
			isa = PBXFrameworksBuildPhase;
			buildActionMask = 2147483647;
			files = (
			);
			runOnlyForDeploymentPostprocessing = 0;
		};
/* End PBXFrameworksBuildPhase section */

/* Begin PBXGroup section */
		7BB3699E22AC55B5008C5C38 = {
			isa = PBXGroup;
			children = (
				7BB369A922AC55B5008C5C38 /* Neon */,
				7BB369C022AC55B7008C5C38 /* NeonTests */,
				7BB369CB22AC55B7008C5C38 /* NeonUITests */,
				7BB369A822AC55B5008C5C38 /* Products */,
			);
			sourceTree = "<group>";
		};
		7BB369A822AC55B5008C5C38 /* Products */ = {
			isa = PBXGroup;
			children = (
				7BB369A722AC55B5008C5C38 /* Neon.app */,
				7BB369BD22AC55B7008C5C38 /* NeonTests.xctest */,
				7BB369C822AC55B7008C5C38 /* NeonUITests.xctest */,
			);
			name = Products;
			sourceTree = "<group>";
		};
		7BB369A922AC55B5008C5C38 /* Neon */ = {
			isa = PBXGroup;
			children = (
				7BB369AA22AC55B5008C5C38 /* AppDelegate.swift */,
				7BB369AC22AC55B5008C5C38 /* SceneDelegate.swift */,
				7BB369AE22AC55B5008C5C38 /* ContentView.swift */,
				7BB369B022AC55B7008C5C38 /* Assets.xcassets */,
				7BB369B522AC55B7008C5C38 /* LaunchScreen.storyboard */,
				7BB369B822AC55B7008C5C38 /* Info.plist */,
				7BB369B222AC55B7008C5C38 /* Preview Content */,
				7BDAD20E22AC8266000B2592 /* ParsedText.swift */,
			);
			path = Neon;
			sourceTree = "<group>";
		};
		7BB369B222AC55B7008C5C38 /* Preview Content */ = {
			isa = PBXGroup;
			children = (
				7BB369B322AC55B7008C5C38 /* Preview Assets.xcassets */,
			);
			path = "Preview Content";
			sourceTree = "<group>";
		};
		7BB369C022AC55B7008C5C38 /* NeonTests */ = {
			isa = PBXGroup;
			children = (
				7BB369C122AC55B7008C5C38 /* NeonTests.swift */,
				7BB369C322AC55B7008C5C38 /* Info.plist */,
				7BDAD21022ACBF8E000B2592 /* ParsedTextTest.swift */,
			);
			path = NeonTests;
			sourceTree = "<group>";
		};
		7BB369CB22AC55B7008C5C38 /* NeonUITests */ = {
			isa = PBXGroup;
			children = (
				7BB369CC22AC55B7008C5C38 /* NeonUITests.swift */,
				7BB369CE22AC55B7008C5C38 /* Info.plist */,
			);
			path = NeonUITests;
			sourceTree = "<group>";
		};
/* End PBXGroup section */

/* Begin PBXNativeTarget section */
		7BB369A622AC55B5008C5C38 /* Neon */ = {
			isa = PBXNativeTarget;
			buildConfigurationList = 7BB369D122AC55B7008C5C38 /* Build configuration list for PBXNativeTarget "Neon" */;
			buildPhases = (
				7BB369A322AC55B5008C5C38 /* Sources */,
				7BB369A422AC55B5008C5C38 /* Frameworks */,
				7BB369A522AC55B5008C5C38 /* Resources */,
			);
			buildRules = (
			);
			dependencies = (
			);
			name = Neon;
			productName = Neon;
			productReference = 7BB369A722AC55B5008C5C38 /* Neon.app */;
			productType = "com.apple.product-type.application";
		};
		7BB369BC22AC55B7008C5C38 /* NeonTests */ = {
			isa = PBXNativeTarget;
			buildConfigurationList = 7BB369D422AC55B7008C5C38 /* Build configuration list for PBXNativeTarget "NeonTests" */;
			buildPhases = (
				7BB369B922AC55B7008C5C38 /* Sources */,
				7BB369BA22AC55B7008C5C38 /* Frameworks */,
				7BB369BB22AC55B7008C5C38 /* Resources */,
			);
			buildRules = (
			);
			dependencies = (
				7BB369BF22AC55B7008C5C38 /* PBXTargetDependency */,
			);
			name = NeonTests;
			productName = NeonTests;
			productReference = 7BB369BD22AC55B7008C5C38 /* NeonTests.xctest */;
			productType = "com.apple.product-type.bundle.unit-test";
		};
		7BB369C722AC55B7008C5C38 /* NeonUITests */ = {
			isa = PBXNativeTarget;
			buildConfigurationList = 7BB369D722AC55B7008C5C38 /* Build configuration list for PBXNativeTarget "NeonUITests" */;
			buildPhases = (
				7BB369C422AC55B7008C5C38 /* Sources */,
				7BB369C522AC55B7008C5C38 /* Frameworks */,
				7BB369C622AC55B7008C5C38 /* Resources */,
			);
			buildRules = (
			);
			dependencies = (
				7BB369CA22AC55B7008C5C38 /* PBXTargetDependency */,
			);
			name = NeonUITests;
			productName = NeonUITests;
			productReference = 7BB369C822AC55B7008C5C38 /* NeonUITests.xctest */;
			productType = "com.apple.product-type.bundle.ui-testing";
		};
/* End PBXNativeTarget section */

/* Begin PBXProject section */
		7BB3699F22AC55B5008C5C38 /* Project object */ = {
			isa = PBXProject;
			attributes = {
				LastSwiftUpdateCheck = 1100;
				LastUpgradeCheck = 1100;
				ORGANIZATIONNAME = "Dean Silfen";
				TargetAttributes = {
					7BB369A622AC55B5008C5C38 = {
						CreatedOnToolsVersion = 11.0;
					};
					7BB369BC22AC55B7008C5C38 = {
						CreatedOnToolsVersion = 11.0;
						TestTargetID = 7BB369A622AC55B5008C5C38;
					};
					7BB369C722AC55B7008C5C38 = {
						CreatedOnToolsVersion = 11.0;
						TestTargetID = 7BB369A622AC55B5008C5C38;
					};
				};
			};
			buildConfigurationList = 7BB369A222AC55B5008C5C38 /* Build configuration list for PBXProject "Neon" */;
			compatibilityVersion = "Xcode 9.3";
			developmentRegion = en;
			hasScannedForEncodings = 0;
			knownRegions = (
				en,
				Base,
			);
			mainGroup = 7BB3699E22AC55B5008C5C38;
			productRefGroup = 7BB369A822AC55B5008C5C38 /* Products */;
			projectDirPath = "";
			projectRoot = "";
			targets = (
				7BB369A622AC55B5008C5C38 /* Neon */,
				7BB369BC22AC55B7008C5C38 /* NeonTests */,
				7BB369C722AC55B7008C5C38 /* NeonUITests */,
			);
		};
/* End PBXProject section */

/* Begin PBXResourcesBuildPhase section */
		7BB369A522AC55B5008C5C38 /* Resources */ = {
			isa = PBXResourcesBuildPhase;
			buildActionMask = 2147483647;
			files = (
				7BB369B722AC55B7008C5C38 /* LaunchScreen.storyboard in Resources */,
				7BB369B422AC55B7008C5C38 /* Preview Assets.xcassets in Resources */,
				7BB369B122AC55B7008C5C38 /* Assets.xcassets in Resources */,
			);
			runOnlyForDeploymentPostprocessing = 0;
		};
		7BB369BB22AC55B7008C5C38 /* Resources */ = {
			isa = PBXResourcesBuildPhase;
			buildActionMask = 2147483647;
			files = (
			);
			runOnlyForDeploymentPostprocessing = 0;
		};
		7BB369C622AC55B7008C5C38 /* Resources */ = {
			isa = PBXResourcesBuildPhase;
			buildActionMask = 2147483647;
			files = (
			);
			runOnlyForDeploymentPostprocessing = 0;
		};
/* End PBXResourcesBuildPhase section */

/* Begin PBXSourcesBuildPhase section */
		7BB369A322AC55B5008C5C38 /* Sources */ = {
			isa = PBXSourcesBuildPhase;
			buildActionMask = 2147483647;
			files = (
				7BB369AB22AC55B5008C5C38 /* AppDelegate.swift in Sources */,
				7BB369AD22AC55B5008C5C38 /* SceneDelegate.swift in Sources */,
				7BB369AF22AC55B5008C5C38 /* ContentView.swift in Sources */,
				7BDAD20F22AC8266000B2592 /* ParsedText.swift in Sources */,
			);
			runOnlyForDeploymentPostprocessing = 0;
		};
		7BB369B922AC55B7008C5C38 /* Sources */ = {
			isa = PBXSourcesBuildPhase;
			buildActionMask = 2147483647;
			files = (
				7BB369C222AC55B7008C5C38 /* NeonTests.swift in Sources */,
				7BDAD21122ACBF8E000B2592 /* ParsedTextTest.swift in Sources */,
			);
			runOnlyForDeploymentPostprocessing = 0;
		};
		7BB369C422AC55B7008C5C38 /* Sources */ = {
			isa = PBXSourcesBuildPhase;
			buildActionMask = 2147483647;
			files = (
				7BB369CD22AC55B7008C5C38 /* NeonUITests.swift in Sources */,
			);
			runOnlyForDeploymentPostprocessing = 0;
		};
/* End PBXSourcesBuildPhase section */

/* Begin PBXTargetDependency section */
		7BB369BF22AC55B7008C5C38 /* PBXTargetDependency */ = {
			isa = PBXTargetDependency;
			target = 7BB369A622AC55B5008C5C38 /* Neon */;
			targetProxy = 7BB369BE22AC55B7008C5C38 /* PBXContainerItemProxy */;
		};
		7BB369CA22AC55B7008C5C38 /* PBXTargetDependency */ = {
			isa = PBXTargetDependency;
			target = 7BB369A622AC55B5008C5C38 /* Neon */;
			targetProxy = 7BB369C922AC55B7008C5C38 /* PBXContainerItemProxy */;
		};
/* End PBXTargetDependency section */

/* Begin PBXVariantGroup section */
		7BB369B522AC55B7008C5C38 /* LaunchScreen.storyboard */ = {
			isa = PBXVariantGroup;
			children = (
				7BB369B622AC55B7008C5C38 /* Base */,
			);
			name = LaunchScreen.storyboard;
			sourceTree = "<group>";
		};
/* End PBXVariantGroup section */

/* Begin XCBuildConfiguration section */
		7BB369CF22AC55B7008C5C38 /* Debug */ = {
			isa = XCBuildConfiguration;
			buildSettings = {
				ALWAYS_SEARCH_USER_PATHS = NO;
				CLANG_ANALYZER_NONNULL = YES;
				CLANG_ANALYZER_NUMBER_OBJECT_CONVERSION = YES_AGGRESSIVE;
				CLANG_CXX_LANGUAGE_STANDARD = "gnu++14";
				CLANG_CXX_LIBRARY = "libc++";
				CLANG_ENABLE_MODULES = YES;
				CLANG_ENABLE_OBJC_ARC = YES;
				CLANG_ENABLE_OBJC_WEAK = YES;
				CLANG_WARN_BLOCK_CAPTURE_AUTORELEASING = YES;
				CLANG_WARN_BOOL_CONVERSION = YES;
				CLANG_WARN_COMMA = YES;
				CLANG_WARN_CONSTANT_CONVERSION = YES;
				CLANG_WARN_DEPRECATED_OBJC_IMPLEMENTATIONS = YES;
				CLANG_WARN_DIRECT_OBJC_ISA_USAGE = YES_ERROR;
				CLANG_WARN_DOCUMENTATION_COMMENTS = YES;
				CLANG_WARN_EMPTY_BODY = YES;
				CLANG_WARN_ENUM_CONVERSION = YES;
				CLANG_WARN_INFINITE_RECURSION = YES;
				CLANG_WARN_INT_CONVERSION = YES;
				CLANG_WARN_NON_LITERAL_NULL_CONVERSION = YES;
				CLANG_WARN_OBJC_IMPLICIT_RETAIN_SELF = YES;
				CLANG_WARN_OBJC_LITERAL_CONVERSION = YES;
				CLANG_WARN_OBJC_ROOT_CLASS = YES_ERROR;
				CLANG_WARN_RANGE_LOOP_ANALYSIS = YES;
				CLANG_WARN_STRICT_PROTOTYPES = YES;
				CLANG_WARN_SUSPICIOUS_MOVE = YES;
				CLANG_WARN_UNGUARDED_AVAILABILITY = YES_AGGRESSIVE;
				CLANG_WARN_UNREACHABLE_CODE = YES;
				CLANG_WARN__DUPLICATE_METHOD_MATCH = YES;
				COPY_PHASE_STRIP = NO;
				DEBUG_INFORMATION_FORMAT = dwarf;
				ENABLE_STRICT_OBJC_MSGSEND = YES;
				ENABLE_TESTABILITY = YES;
				GCC_C_LANGUAGE_STANDARD = gnu11;
				GCC_DYNAMIC_NO_PIC = NO;
				GCC_NO_COMMON_BLOCKS = YES;
				GCC_OPTIMIZATION_LEVEL = 0;
				GCC_PREPROCESSOR_DEFINITIONS = (
					"DEBUG=1",
					"$(inherited)",
				);
				GCC_WARN_64_TO_32_BIT_CONVERSION = YES;
				GCC_WARN_ABOUT_RETURN_TYPE = YES_ERROR;
				GCC_WARN_UNDECLARED_SELECTOR = YES;
				GCC_WARN_UNINITIALIZED_AUTOS = YES_AGGRESSIVE;
				GCC_WARN_UNUSED_FUNCTION = YES;
				GCC_WARN_UNUSED_VARIABLE = YES;
				IPHONEOS_DEPLOYMENT_TARGET = 13.0;
				MTL_ENABLE_DEBUG_INFO = INCLUDE_SOURCE;
				MTL_FAST_MATH = YES;
				ONLY_ACTIVE_ARCH = YES;
				SDKROOT = iphoneos;
				SWIFT_ACTIVE_COMPILATION_CONDITIONS = DEBUG;
				SWIFT_OPTIMIZATION_LEVEL = "-Onone";
			};
			name = Debug;
		};
		7BB369D022AC55B7008C5C38 /* Release */ = {
			isa = XCBuildConfiguration;
			buildSettings = {
				ALWAYS_SEARCH_USER_PATHS = NO;
				CLANG_ANALYZER_NONNULL = YES;
				CLANG_ANALYZER_NUMBER_OBJECT_CONVERSION = YES_AGGRESSIVE;
				CLANG_CXX_LANGUAGE_STANDARD = "gnu++14";
				CLANG_CXX_LIBRARY = "libc++";
				CLANG_ENABLE_MODULES = YES;
				CLANG_ENABLE_OBJC_ARC = YES;
				CLANG_ENABLE_OBJC_WEAK = YES;
				CLANG_WARN_BLOCK_CAPTURE_AUTORELEASING = YES;
				CLANG_WARN_BOOL_CONVERSION = YES;
				CLANG_WARN_COMMA = YES;
				CLANG_WARN_CONSTANT_CONVERSION = YES;
				CLANG_WARN_DEPRECATED_OBJC_IMPLEMENTATIONS = YES;
				CLANG_WARN_DIRECT_OBJC_ISA_USAGE = YES_ERROR;
				CLANG_WARN_DOCUMENTATION_COMMENTS = YES;
				CLANG_WARN_EMPTY_BODY = YES;
				CLANG_WARN_ENUM_CONVERSION = YES;
				CLANG_WARN_INFINITE_RECURSION = YES;
				CLANG_WARN_INT_CONVERSION = YES;
				CLANG_WARN_NON_LITERAL_NULL_CONVERSION = YES;
				CLANG_WARN_OBJC_IMPLICIT_RETAIN_SELF = YES;
				CLANG_WARN_OBJC_LITERAL_CONVERSION = YES;
				CLANG_WARN_OBJC_ROOT_CLASS = YES_ERROR;
				CLANG_WARN_RANGE_LOOP_ANALYSIS = YES;
				CLANG_WARN_STRICT_PROTOTYPES = YES;
				CLANG_WARN_SUSPICIOUS_MOVE = YES;
				CLANG_WARN_UNGUARDED_AVAILABILITY = YES_AGGRESSIVE;
				CLANG_WARN_UNREACHABLE_CODE = YES;
				CLANG_WARN__DUPLICATE_METHOD_MATCH = YES;
				COPY_PHASE_STRIP = NO;
				DEBUG_INFORMATION_FORMAT = "dwarf-with-dsym";
				ENABLE_NS_ASSERTIONS = NO;
				ENABLE_STRICT_OBJC_MSGSEND = YES;
				GCC_C_LANGUAGE_STANDARD = gnu11;
				GCC_NO_COMMON_BLOCKS = YES;
				GCC_WARN_64_TO_32_BIT_CONVERSION = YES;
				GCC_WARN_ABOUT_RETURN_TYPE = YES_ERROR;
				GCC_WARN_UNDECLARED_SELECTOR = YES;
				GCC_WARN_UNINITIALIZED_AUTOS = YES_AGGRESSIVE;
				GCC_WARN_UNUSED_FUNCTION = YES;
				GCC_WARN_UNUSED_VARIABLE = YES;
				IPHONEOS_DEPLOYMENT_TARGET = 13.0;
				MTL_ENABLE_DEBUG_INFO = NO;
				MTL_FAST_MATH = YES;
				SDKROOT = iphoneos;
				SWIFT_COMPILATION_MODE = wholemodule;
				SWIFT_OPTIMIZATION_LEVEL = "-O";
				VALIDATE_PRODUCT = YES;
			};
			name = Release;
		};
		7BB369D222AC55B7008C5C38 /* Debug */ = {
			isa = XCBuildConfiguration;
			buildSettings = {
				ASSETCATALOG_COMPILER_APPICON_NAME = AppIcon;
				CODE_SIGN_STYLE = Automatic;
				DEVELOPMENT_ASSET_PATHS = "Neon/Preview\\ Content";
				DEVELOPMENT_TEAM = NRNGV5PHUG;
				ENABLE_PREVIEWS = YES;
				INFOPLIST_FILE = Neon/Info.plist;
				LD_RUNPATH_SEARCH_PATHS = (
					"$(inherited)",
					"@executable_path/Frameworks",
				);
				PRODUCT_BUNDLE_IDENTIFIER = me.silfen.Neon;
				PRODUCT_NAME = "$(TARGET_NAME)";
				SWIFT_VERSION = 5.0;
				TARGETED_DEVICE_FAMILY = "1,2";
			};
			name = Debug;
		};
		7BB369D322AC55B7008C5C38 /* Release */ = {
			isa = XCBuildConfiguration;
			buildSettings = {
				ASSETCATALOG_COMPILER_APPICON_NAME = AppIcon;
				CODE_SIGN_STYLE = Automatic;
				DEVELOPMENT_ASSET_PATHS = "Neon/Preview\\ Content";
				DEVELOPMENT_TEAM = NRNGV5PHUG;
				ENABLE_PREVIEWS = YES;
				INFOPLIST_FILE = Neon/Info.plist;
				LD_RUNPATH_SEARCH_PATHS = (
					"$(inherited)",
					"@executable_path/Frameworks",
				);
				PRODUCT_BUNDLE_IDENTIFIER = me.silfen.Neon;
				PRODUCT_NAME = "$(TARGET_NAME)";
				SWIFT_VERSION = 5.0;
				TARGETED_DEVICE_FAMILY = "1,2";
			};
			name = Release;
		};
		7BB369D522AC55B7008C5C38 /* Debug */ = {
			isa = XCBuildConfiguration;
			buildSettings = {
				ALWAYS_EMBED_SWIFT_STANDARD_LIBRARIES = YES;
				BUNDLE_LOADER = "$(TEST_HOST)";
				CODE_SIGN_STYLE = Automatic;
				DEVELOPMENT_TEAM = NRNGV5PHUG;
				INFOPLIST_FILE = NeonTests/Info.plist;
				LD_RUNPATH_SEARCH_PATHS = (
					"$(inherited)",
					"@executable_path/Frameworks",
					"@loader_path/Frameworks",
				);
				PRODUCT_BUNDLE_IDENTIFIER = me.silfen.NeonTests;
				PRODUCT_NAME = "$(TARGET_NAME)";
				SWIFT_VERSION = 5.0;
				TARGETED_DEVICE_FAMILY = "1,2";
				TEST_HOST = "$(BUILT_PRODUCTS_DIR)/Neon.app/Neon";
			};
			name = Debug;
		};
		7BB369D622AC55B7008C5C38 /* Release */ = {
			isa = XCBuildConfiguration;
			buildSettings = {
				ALWAYS_EMBED_SWIFT_STANDARD_LIBRARIES = YES;
				BUNDLE_LOADER = "$(TEST_HOST)";
				CODE_SIGN_STYLE = Automatic;
				DEVELOPMENT_TEAM = NRNGV5PHUG;
				INFOPLIST_FILE = NeonTests/Info.plist;
				LD_RUNPATH_SEARCH_PATHS = (
					"$(inherited)",
					"@executable_path/Frameworks",
					"@loader_path/Frameworks",
				);
				PRODUCT_BUNDLE_IDENTIFIER = me.silfen.NeonTests;
				PRODUCT_NAME = "$(TARGET_NAME)";
				SWIFT_VERSION = 5.0;
				TARGETED_DEVICE_FAMILY = "1,2";
				TEST_HOST = "$(BUILT_PRODUCTS_DIR)/Neon.app/Neon";
			};
			name = Release;
		};
		7BB369D822AC55B7008C5C38 /* Debug */ = {
			isa = XCBuildConfiguration;
			buildSettings = {
				ALWAYS_EMBED_SWIFT_STANDARD_LIBRARIES = YES;
				CODE_SIGN_STYLE = Automatic;
				DEVELOPMENT_TEAM = NRNGV5PHUG;
				INFOPLIST_FILE = NeonUITests/Info.plist;
				LD_RUNPATH_SEARCH_PATHS = (
					"$(inherited)",
					"@executable_path/Frameworks",
					"@loader_path/Frameworks",
				);
				PRODUCT_BUNDLE_IDENTIFIER = me.silfen.NeonUITests;
				PRODUCT_NAME = "$(TARGET_NAME)";
				SWIFT_VERSION = 5.0;
				TARGETED_DEVICE_FAMILY = "1,2";
				TEST_TARGET_NAME = Neon;
			};
			name = Debug;
		};
		7BB369D922AC55B7008C5C38 /* Release */ = {
			isa = XCBuildConfiguration;
			buildSettings = {
				ALWAYS_EMBED_SWIFT_STANDARD_LIBRARIES = YES;
				CODE_SIGN_STYLE = Automatic;
				DEVELOPMENT_TEAM = NRNGV5PHUG;
				INFOPLIST_FILE = NeonUITests/Info.plist;
				LD_RUNPATH_SEARCH_PATHS = (
					"$(inherited)",
					"@executable_path/Frameworks",
					"@loader_path/Frameworks",
				);
				PRODUCT_BUNDLE_IDENTIFIER = me.silfen.NeonUITests;
				PRODUCT_NAME = "$(TARGET_NAME)";
				SWIFT_VERSION = 5.0;
				TARGETED_DEVICE_FAMILY = "1,2";
				TEST_TARGET_NAME = Neon;
			};
			name = Release;
		};
/* End XCBuildConfiguration section */

/* Begin XCConfigurationList section */
		7BB369A222AC55B5008C5C38 /* Build configuration list for PBXProject "Neon" */ = {
			isa = XCConfigurationList;
			buildConfigurations = (
				7BB369CF22AC55B7008C5C38 /* Debug */,
				7BB369D022AC55B7008C5C38 /* Release */,
			);
			defaultConfigurationIsVisible = 0;
			defaultConfigurationName = Release;
		};
		7BB369D122AC55B7008C5C38 /* Build configuration list for PBXNativeTarget "Neon" */ = {
			isa = XCConfigurationList;
			buildConfigurations = (
				7BB369D222AC55B7008C5C38 /* Debug */,
				7BB369D322AC55B7008C5C38 /* Release */,
			);
			defaultConfigurationIsVisible = 0;
			defaultConfigurationName = Release;
		};
		7BB369D422AC55B7008C5C38 /* Build configuration list for PBXNativeTarget "NeonTests" */ = {
			isa = XCConfigurationList;
			buildConfigurations = (
				7BB369D522AC55B7008C5C38 /* Debug */,
				7BB369D622AC55B7008C5C38 /* Release */,
			);
			defaultConfigurationIsVisible = 0;
			defaultConfigurationName = Release;
		};
		7BB369D722AC55B7008C5C38 /* Build configuration list for PBXNativeTarget "NeonUITests" */ = {
			isa = XCConfigurationList;
			buildConfigurations = (
				7BB369D822AC55B7008C5C38 /* Debug */,
				7BB369D922AC55B7008C5C38 /* Release */,
			);
			defaultConfigurationIsVisible = 0;
			defaultConfigurationName = Release;
		};
/* End XCConfigurationList section */
	};
	rootObject = 7BB3699F22AC55B5008C5C38 /* Project object */;
}
